
Microsoft Visual Studio Solution File, Format Version 12.00
# Visual Studio Version 17
VisualStudioVersion = 17.8.34525.116
MinimumVisualStudioVersion = 10.0.40219.1
Project("{FAE04EC0-301F-11D3-BF4B-00C04F79EFBC}") = "MvcMovie", "MvcMovie\MvcMovie.csproj", "{D6E9E721-0A49-4A34-A187-5B1D63F56EB1}"
EndProject
Global
	GlobalSection(SolutionConfigurationPlatforms) = preSolution
		Debug|Any CPU = Debug|Any CPU
		Release|Any CPU = Release|Any CPU
	EndGlobalSection
	GlobalSection(ProjectConfigurationPlatforms) = postSolution
		{D6E9E721-0A49-4A34-A187-5B1D63F56EB1}.Debug|Any CPU.ActiveCfg = Debug|Any CPU
		{D6E9E721-0A49-4A34-A187-5B1D63F56EB1}.Debug|Any CPU.Build.0 = Debug|Any CPU
		{D6E9E721-0A49-4A34-A187-5B1D63F56EB1}.Release|Any CPU.ActiveCfg = Release|Any CPU
		{D6E9E721-0A49-4A34-A187-5B1D63F56EB1}.Release|Any CPU.Build.0 = Release|Any CPU
	EndGlobalSection
	GlobalSection(SolutionProperties) = preSolution
		HideSolutionNode = FALSE
	EndGlobalSection
	GlobalSection(ExtensibilityGlobals) = postSolution
		SolutionGuid = {F4D3563E-3765-4A6C-8CA5-90112AF19E4C}
	EndGlobalSection
EndGlobal
